// !$*UTF8*$!
{
	archiveVersion = 1;
	classes = {
	};
	objectVersion = 46;
	objects = {

/* Begin PBXBuildFile section */
		3D2C90BF1DD7767B00A3294A /* PalmUp.png in Resources */ = {isa = PBXBuildFile; fileRef = 3D2C90BB1DD7767B00A3294A /* PalmUp.png */; };
		3D2C90C01DD7767B00A3294A /* Paper.png in Resources */ = {isa = PBXBuildFile; fileRef = 3D2C90BC1DD7767B00A3294A /* Paper.png */; };
		3D2C90C11DD7767B00A3294A /* Scissors.png in Resources */ = {isa = PBXBuildFile; fileRef = 3D2C90BD1DD7767B00A3294A /* Scissors.png */; };
		3D2C90C21DD7767B00A3294A /* Stone.png in Resources */ = {isa = PBXBuildFile; fileRef = 3D2C90BE1DD7767B00A3294A /* Stone.png */; };
		3D8875541DC8C68C000E688C /* AppDelegate.swift in Sources */ = {isa = PBXBuildFile; fileRef = 3D8875531DC8C68C000E688C /* AppDelegate.swift */; };
		3D8875561DC8C68C000E688C /* Assets.xcassets in Resources */ = {isa = PBXBuildFile; fileRef = 3D8875551DC8C68C000E688C /* Assets.xcassets */; };
		3D8875591DC8C68C000E688C /* MainMenu.xib in Resources */ = {isa = PBXBuildFile; fileRef = 3D8875571DC8C68C000E688C /* MainMenu.xib */; };
		3D88756B1DC8CBCC000E688C /* OfficeViewController.swift in Sources */ = {isa = PBXBuildFile; fileRef = 3D88756A1DC8CBCC000E688C /* OfficeViewController.swift */; };
		3D88756D1DC8CC45000E688C /* OfficeView.xib in Resources */ = {isa = PBXBuildFile; fileRef = 3D88756C1DC8CC45000E688C /* OfficeView.xib */; };
		3D88756F1DC8CE51000E688C /* OfficeView.swift in Sources */ = {isa = PBXBuildFile; fileRef = 3D88756E1DC8CE51000E688C /* OfficeView.swift */; };
		3D8875711DC8CFAB000E688C /* TableView.swift in Sources */ = {isa = PBXBuildFile; fileRef = 3D8875701DC8CFAB000E688C /* TableView.swift */; };
		3D8875731DC8D087000E688C /* PersonView.swift in Sources */ = {isa = PBXBuildFile; fileRef = 3D8875721DC8D087000E688C /* PersonView.swift */; };
		3D8875751DC8D805000E688C /* person.png in Resources */ = {isa = PBXBuildFile; fileRef = 3D8875741DC8D805000E688C /* person.png */; };
		3D8875771DCCE3C7000E688C /* vip.png in Resources */ = {isa = PBXBuildFile; fileRef = 3D8875761DCCE3C7000E688C /* vip.png */; };
		3DA63D951DCE424600B10018 /* CustomTextView.swift in Sources */ = {isa = PBXBuildFile; fileRef = 3DA63D941DCE424600B10018 /* CustomTextView.swift */; };
/* End PBXBuildFile section */

/* Begin PBXFileReference section */
		3D2C90BB1DD7767B00A3294A /* PalmUp.png */ = {isa = PBXFileReference; lastKnownFileType = image.png; path = PalmUp.png; sourceTree = "<group>"; };
		3D2C90BC1DD7767B00A3294A /* Paper.png */ = {isa = PBXFileReference; lastKnownFileType = image.png; path = Paper.png; sourceTree = "<group>"; };
		3D2C90BD1DD7767B00A3294A /* Scissors.png */ = {isa = PBXFileReference; lastKnownFileType = image.png; path = Scissors.png; sourceTree = "<group>"; };
		3D2C90BE1DD7767B00A3294A /* Stone.png */ = {isa = PBXFileReference; lastKnownFileType = image.png; path = Stone.png; sourceTree = "<group>"; };
		3D8875501DC8C68C000E688C /* OfficeStoryAnimator.app */ = {isa = PBXFileReference; explicitFileType = wrapper.application; includeInIndex = 0; path = OfficeStoryAnimator.app; sourceTree = BUILT_PRODUCTS_DIR; };
		3D8875531DC8C68C000E688C /* AppDelegate.swift */ = {isa = PBXFileReference; lastKnownFileType = sourcecode.swift; path = AppDelegate.swift; sourceTree = "<group>"; };
		3D8875551DC8C68C000E688C /* Assets.xcassets */ = {isa = PBXFileReference; lastKnownFileType = folder.assetcatalog; path = Assets.xcassets; sourceTree = "<group>"; };
		3D8875581DC8C68C000E688C /* Base */ = {isa = PBXFileReference; lastKnownFileType = file.xib; name = Base; path = Base.lproj/MainMenu.xib; sourceTree = "<group>"; };
		3D88755A1DC8C68C000E688C /* Info.plist */ = {isa = PBXFileReference; lastKnownFileType = text.plist.xml; path = Info.plist; sourceTree = "<group>"; };
		3D88756A1DC8CBCC000E688C /* OfficeViewController.swift */ = {isa = PBXFileReference; fileEncoding = 4; lastKnownFileType = sourcecode.swift; path = OfficeViewController.swift; sourceTree = "<group>"; };
		3D88756C1DC8CC45000E688C /* OfficeView.xib */ = {isa = PBXFileReference; fileEncoding = 4; lastKnownFileType = file.xib; path = OfficeView.xib; sourceTree = "<group>"; };
		3D88756E1DC8CE51000E688C /* OfficeView.swift */ = {isa = PBXFileReference; fileEncoding = 4; lastKnownFileType = sourcecode.swift; path = OfficeView.swift; sourceTree = "<group>"; };
		3D8875701DC8CFAB000E688C /* TableView.swift */ = {isa = PBXFileReference; fileEncoding = 4; lastKnownFileType = sourcecode.swift; path = TableView.swift; sourceTree = "<group>"; };
		3D8875721DC8D087000E688C /* PersonView.swift */ = {isa = PBXFileReference; fileEncoding = 4; lastKnownFileType = sourcecode.swift; path = PersonView.swift; sourceTree = "<group>"; };
		3D8875741DC8D805000E688C /* person.png */ = {isa = PBXFileReference; lastKnownFileType = image.png; path = person.png; sourceTree = "<group>"; };
		3D8875761DCCE3C7000E688C /* vip.png */ = {isa = PBXFileReference; lastKnownFileType = image.png; path = vip.png; sourceTree = "<group>"; };
		3DA63D941DCE424600B10018 /* CustomTextView.swift */ = {isa = PBXFileReference; fileEncoding = 4; lastKnownFileType = sourcecode.swift; path = CustomTextView.swift; sourceTree = "<group>"; };
/* End PBXFileReference section */

/* Begin PBXFrameworksBuildPhase section */
		3D88754D1DC8C68C000E688C /* Frameworks */ = {
			isa = PBXFrameworksBuildPhase;
			buildActionMask = 2147483647;
			files = (
			);
			runOnlyForDeploymentPostprocessing = 0;
		};
/* End PBXFrameworksBuildPhase section */

/* Begin PBXGroup section */
		3D8875471DC8C68C000E688C = {
			isa = PBXGroup;
			children = (
				3D8875521DC8C68C000E688C /* OfficeStoryAnimator */,
				3D8875511DC8C68C000E688C /* Products */,
			);
			sourceTree = "<group>";
		};
		3D8875511DC8C68C000E688C /* Products */ = {
			isa = PBXGroup;
			children = (
				3D8875501DC8C68C000E688C /* OfficeStoryAnimator.app */,
			);
			name = Products;
			sourceTree = "<group>";
		};
		3D8875521DC8C68C000E688C /* OfficeStoryAnimator */ = {
			isa = PBXGroup;
			children = (
				3D8875531DC8C68C000E688C /* AppDelegate.swift */,
				3D88756C1DC8CC45000E688C /* OfficeView.xib */,
				3D88756A1DC8CBCC000E688C /* OfficeViewController.swift */,
				3DA63D941DCE424600B10018 /* CustomTextView.swift */,
				3D8875701DC8CFAB000E688C /* TableView.swift */,
				3D88756E1DC8CE51000E688C /* OfficeView.swift */,
				3D8875721DC8D087000E688C /* PersonView.swift */,
				3D8875741DC8D805000E688C /* person.png */,
				3D8875761DCCE3C7000E688C /* vip.png */,
				3D2C90BB1DD7767B00A3294A /* PalmUp.png */,
				3D2C90BC1DD7767B00A3294A /* Paper.png */,
				3D2C90BD1DD7767B00A3294A /* Scissors.png */,
				3D2C90BE1DD7767B00A3294A /* Stone.png */,
				3D8875551DC8C68C000E688C /* Assets.xcassets */,
				3D8875571DC8C68C000E688C /* MainMenu.xib */,
				3D88755A1DC8C68C000E688C /* Info.plist */,
			);
			path = OfficeStoryAnimator;
			sourceTree = "<group>";
		};
/* End PBXGroup section */

/* Begin PBXNativeTarget section */
		3D88754F1DC8C68C000E688C /* OfficeStoryAnimator */ = {
			isa = PBXNativeTarget;
			buildConfigurationList = 3D88755D1DC8C68C000E688C /* Build configuration list for PBXNativeTarget "OfficeStoryAnimator" */;
			buildPhases = (
				3D88754C1DC8C68C000E688C /* Sources */,
				3D88754D1DC8C68C000E688C /* Frameworks */,
				3D88754E1DC8C68C000E688C /* Resources */,
			);
			buildRules = (
			);
			dependencies = (
			);
			name = OfficeStoryAnimator;
			productName = OfficeStoryAnimator;
			productReference = 3D8875501DC8C68C000E688C /* OfficeStoryAnimator.app */;
			productType = "com.apple.product-type.application";
		};
/* End PBXNativeTarget section */

/* Begin PBXProject section */
		3D8875481DC8C68C000E688C /* Project object */ = {
			isa = PBXProject;
			attributes = {
				LastSwiftUpdateCheck = 0800;
				LastUpgradeCheck = 0800;
				ORGANIZATIONNAME = "Augustine Cheong";
				TargetAttributes = {
					3D88754F1DC8C68C000E688C = {
						CreatedOnToolsVersion = 8.0;
						ProvisioningStyle = Automatic;
					};
				};
			};
			buildConfigurationList = 3D88754B1DC8C68C000E688C /* Build configuration list for PBXProject "OfficeStoryAnimator" */;
			compatibilityVersion = "Xcode 3.2";
			developmentRegion = English;
			hasScannedForEncodings = 0;
			knownRegions = (
				en,
				Base,
			);
			mainGroup = 3D8875471DC8C68C000E688C;
			productRefGroup = 3D8875511DC8C68C000E688C /* Products */;
			projectDirPath = "";
			projectRoot = "";
			targets = (
				3D88754F1DC8C68C000E688C /* OfficeStoryAnimator */,
			);
		};
/* End PBXProject section */

/* Begin PBXResourcesBuildPhase section */
		3D88754E1DC8C68C000E688C /* Resources */ = {
			isa = PBXResourcesBuildPhase;
			buildActionMask = 2147483647;
			files = (
				3D2C90C11DD7767B00A3294A /* Scissors.png in Resources */,
				3D2C90BF1DD7767B00A3294A /* PalmUp.png in Resources */,
				3D8875751DC8D805000E688C /* person.png in Resources */,
				3D8875561DC8C68C000E688C /* Assets.xcassets in Resources */,
				3D8875771DCCE3C7000E688C /* vip.png in Resources */,
				3D88756D1DC8CC45000E688C /* OfficeView.xib in Resources */,
				3D2C90C01DD7767B00A3294A /* Paper.png in Resources */,
				3D8875591DC8C68C000E688C /* MainMenu.xib in Resources */,
				3D2C90C21DD7767B00A3294A /* Stone.png in Resources */,
			);
			runOnlyForDeploymentPostprocessing = 0;
		};
/* End PBXResourcesBuildPhase section */

/* Begin PBXSourcesBuildPhase section */
		3D88754C1DC8C68C000E688C /* Sources */ = {
			isa = PBXSourcesBuildPhase;
			buildActionMask = 2147483647;
			files = (
				3D8875731DC8D087000E688C /* PersonView.swift in Sources */,
				3D88756B1DC8CBCC000E688C /* OfficeViewController.swift in Sources */,
				3DA63D951DCE424600B10018 /* CustomTextView.swift in Sources */,
				3D8875711DC8CFAB000E688C /* TableView.swift in Sources */,
				3D88756F1DC8CE51000E688C /* OfficeView.swift in Sources */,
				3D8875541DC8C68C000E688C /* AppDelegate.swift in Sources */,
			);
			runOnlyForDeploymentPostprocessing = 0;
		};
/* End PBXSourcesBuildPhase section */

/* Begin PBXVariantGroup section */
		3D8875571DC8C68C000E688C /* MainMenu.xib */ = {
			isa = PBXVariantGroup;
			children = (
				3D8875581DC8C68C000E688C /* Base */,
			);
			name = MainMenu.xib;
			sourceTree = "<group>";
		};
/* End PBXVariantGroup section */

/* Begin XCBuildConfiguration section */
		3D88755B1DC8C68C000E688C /* Debug */ = {
			isa = XCBuildConfiguration;
			buildSettings = {
				ALWAYS_SEARCH_USER_PATHS = NO;
				CLANG_ANALYZER_NONNULL = YES;
				CLANG_CXX_LANGUAGE_STANDARD = "gnu++0x";
				CLANG_CXX_LIBRARY = "libc++";
				CLANG_ENABLE_MODULES = YES;
				CLANG_ENABLE_OBJC_ARC = YES;
				CLANG_WARN_BOOL_CONVERSION = YES;
				CLANG_WARN_CONSTANT_CONVERSION = YES;
				CLANG_WARN_DIRECT_OBJC_ISA_USAGE = YES_ERROR;
				CLANG_WARN_DOCUMENTATION_COMMENTS = YES;
				CLANG_WARN_EMPTY_BODY = YES;
				CLANG_WARN_ENUM_CONVERSION = YES;
				CLANG_WARN_INFINITE_RECURSION = YES;
				CLANG_WARN_INT_CONVERSION = YES;
				CLANG_WARN_OBJC_ROOT_CLASS = YES_ERROR;
				CLANG_WARN_SUSPICIOUS_MOVES = YES;
				CLANG_WARN_UNREACHABLE_CODE = YES;
				CLANG_WARN__DUPLICATE_METHOD_MATCH = YES;
				CODE_SIGN_IDENTITY = "-";
				COPY_PHASE_STRIP = NO;
				DEBUG_INFORMATION_FORMAT = dwarf;
				ENABLE_STRICT_OBJC_MSGSEND = YES;
				ENABLE_TESTABILITY = YES;
				GCC_C_LANGUAGE_STANDARD = gnu99;
				GCC_DYNAMIC_NO_PIC = NO;
				GCC_NO_COMMON_BLOCKS = YES;
				GCC_OPTIMIZATION_LEVEL = 0;
				GCC_PREPROCESSOR_DEFINITIONS = (
					"DEBUG=1",
					"$(inherited)",
				);
				GCC_WARN_64_TO_32_BIT_CONVERSION = YES;
				GCC_WARN_ABOUT_RETURN_TYPE = YES_ERROR;
				GCC_WARN_UNDECLARED_SELECTOR = YES;
				GCC_WARN_UNINITIALIZED_AUTOS = YES_AGGRESSIVE;
				GCC_WARN_UNUSED_FUNCTION = YES;
				GCC_WARN_UNUSED_VARIABLE = YES;
				MACOSX_DEPLOYMENT_TARGET = 10.12;
				MTL_ENABLE_DEBUG_INFO = YES;
				ONLY_ACTIVE_ARCH = YES;
				SDKROOT = macosx;
				SWIFT_ACTIVE_COMPILATION_CONDITIONS = DEBUG;
				SWIFT_OPTIMIZATION_LEVEL = "-Onone";
			};
			name = Debug;
		};
		3D88755C1DC8C68C000E688C /* Release */ = {
			isa = XCBuildConfiguration;
			buildSettings = {
				ALWAYS_SEARCH_USER_PATHS = NO;
				CLANG_ANALYZER_NONNULL = YES;
				CLANG_CXX_LANGUAGE_STANDARD = "gnu++0x";
				CLANG_CXX_LIBRARY = "libc++";
				CLANG_ENABLE_MODULES = YES;
				CLANG_ENABLE_OBJC_ARC = YES;
				CLANG_WARN_BOOL_CONVERSION = YES;
				CLANG_WARN_CONSTANT_CONVERSION = YES;
				CLANG_WARN_DIRECT_OBJC_ISA_USAGE = YES_ERROR;
				CLANG_WARN_DOCUMENTATION_COMMENTS = YES;
				CLANG_WARN_EMPTY_BODY = YES;
				CLANG_WARN_ENUM_CONVERSION = YES;
				CLANG_WARN_INFINITE_RECURSION = YES;
				CLANG_WARN_INT_CONVERSION = YES;
				CLANG_WARN_OBJC_ROOT_CLASS = YES_ERROR;
				CLANG_WARN_SUSPICIOUS_MOVES = YES;
				CLANG_WARN_UNREACHABLE_CODE = YES;
				CLANG_WARN__DUPLICATE_METHOD_MATCH = YES;
				CODE_SIGN_IDENTITY = "-";
				COPY_PHASE_STRIP = NO;
				DEBUG_INFORMATION_FORMAT = "dwarf-with-dsym";
				ENABLE_NS_ASSERTIONS = NO;
				ENABLE_STRICT_OBJC_MSGSEND = YES;
				GCC_C_LANGUAGE_STANDARD = gnu99;
				GCC_NO_COMMON_BLOCKS = YES;
				GCC_WARN_64_TO_32_BIT_CONVERSION = YES;
				GCC_WARN_ABOUT_RETURN_TYPE = YES_ERROR;
				GCC_WARN_UNDECLARED_SELECTOR = YES;
				GCC_WARN_UNINITIALIZED_AUTOS = YES_AGGRESSIVE;
				GCC_WARN_UNUSED_FUNCTION = YES;
				GCC_WARN_UNUSED_VARIABLE = YES;
				MACOSX_DEPLOYMENT_TARGET = 10.12;
				MTL_ENABLE_DEBUG_INFO = NO;
				SDKROOT = macosx;
				SWIFT_OPTIMIZATION_LEVEL = "-Owholemodule";
			};
			name = Release;
		};
		3D88755E1DC8C68C000E688C /* Debug */ = {
			isa = XCBuildConfiguration;
			buildSettings = {
				ASSETCATALOG_COMPILER_APPICON_NAME = AppIcon;
				COMBINE_HIDPI_IMAGES = YES;
				INFOPLIST_FILE = OfficeStoryAnimator/Info.plist;
				LD_RUNPATH_SEARCH_PATHS = "$(inherited) @executable_path/../Frameworks";
				PRODUCT_BUNDLE_IDENTIFIER = AC.OfficeStoryAnimator;
				PRODUCT_NAME = "$(TARGET_NAME)";
				SWIFT_VERSION = 3.0;
			};
			name = Debug;
		};
		3D88755F1DC8C68C000E688C /* Release */ = {
			isa = XCBuildConfiguration;
			buildSettings = {
				ASSETCATALOG_COMPILER_APPICON_NAME = AppIcon;
				COMBINE_HIDPI_IMAGES = YES;
				INFOPLIST_FILE = OfficeStoryAnimator/Info.plist;
				LD_RUNPATH_SEARCH_PATHS = "$(inherited) @executable_path/../Frameworks";
				PRODUCT_BUNDLE_IDENTIFIER = AC.OfficeStoryAnimator;
				PRODUCT_NAME = "$(TARGET_NAME)";
				SWIFT_VERSION = 3.0;
			};
			name = Release;
		};
/* End XCBuildConfiguration section */

/* Begin XCConfigurationList section */
		3D88754B1DC8C68C000E688C /* Build configuration list for PBXProject "OfficeStoryAnimator" */ = {
			isa = XCConfigurationList;
			buildConfigurations = (
				3D88755B1DC8C68C000E688C /* Debug */,
				3D88755C1DC8C68C000E688C /* Release */,
			);
			defaultConfigurationIsVisible = 0;
			defaultConfigurationName = Release;
		};
		3D88755D1DC8C68C000E688C /* Build configuration list for PBXNativeTarget "OfficeStoryAnimator" */ = {
			isa = XCConfigurationList;
			buildConfigurations = (
				3D88755E1DC8C68C000E688C /* Debug */,
				3D88755F1DC8C68C000E688C /* Release */,
			);
			defaultConfigurationIsVisible = 0;
			defaultConfigurationName = Release;
		};
/* End XCConfigurationList section */
	};
	rootObject = 3D8875481DC8C68C000E688C /* Project object */;
}
